
Microsoft Visual Studio Solution File, Format Version 12.00
# Visual Studio Version 17
VisualStudioVersion = 17.11.35327.3
MinimumVisualStudioVersion = 10.0.40219.1
Project("{FAE04EC0-301F-11D3-BF4B-00C04F79EFBC}") = "Arrays", "Arrays\Arrays.csproj", "{B0F56645-41A2-4F27-9014-9C5078A64728}"
EndProject
Global
	GlobalSection(SolutionConfigurationPlatforms) = preSolution
		Debug|Any CPU = Debug|Any CPU
		Release|Any CPU = Release|Any CPU
	EndGlobalSection
	GlobalSection(ProjectConfigurationPlatforms) = postSolution
		{B0F56645-41A2-4F27-9014-9C5078A64728}.Debug|Any CPU.ActiveCfg = Debug|Any CPU
		{B0F56645-41A2-4F27-9014-9C5078A64728}.Debug|Any CPU.Build.0 = Debug|Any CPU
		{B0F56645-41A2-4F27-9014-9C5078A64728}.Release|Any CPU.ActiveCfg = Release|Any CPU
		{B0F56645-41A2-4F27-9014-9C5078A64728}.Release|Any CPU.Build.0 = Release|Any CPU
	EndGlobalSection
	GlobalSection(SolutionProperties) = preSolution
		HideSolutionNode = FALSE
	EndGlobalSection
	GlobalSection(ExtensibilityGlobals) = postSolution
		SolutionGuid = {D7513F63-9358-4B61-9CF7-57ABAAA84ED2}
	EndGlobalSection
EndGlobal
